
Microsoft Visual Studio Solution File, Format Version 12.00
# Visual Studio Version 17
VisualStudioVersion = 17.4.33205.214
MinimumVisualStudioVersion = 10.0.40219.1
Project("{FAE04EC0-301F-11D3-BF4B-00C04F79EFBC}") = "두 큐 합 같게 만들기", "두 큐 합 같게 만들기\두 큐 합 같게 만들기.csproj", "{837634BA-5213-4172-B22F-0D33B3FF9785}"
EndProject
Global
	GlobalSection(SolutionConfigurationPlatforms) = preSolution
		Debug|Any CPU = Debug|Any CPU
		Release|Any CPU = Release|Any CPU
	EndGlobalSection
	GlobalSection(ProjectConfigurationPlatforms) = postSolution
		{837634BA-5213-4172-B22F-0D33B3FF9785}.Debug|Any CPU.ActiveCfg = Debug|Any CPU
		{837634BA-5213-4172-B22F-0D33B3FF9785}.Debug|Any CPU.Build.0 = Debug|Any CPU
		{837634BA-5213-4172-B22F-0D33B3FF9785}.Release|Any CPU.ActiveCfg = Release|Any CPU
		{837634BA-5213-4172-B22F-0D33B3FF9785}.Release|Any CPU.Build.0 = Release|Any CPU
	EndGlobalSection
	GlobalSection(SolutionProperties) = preSolution
		HideSolutionNode = FALSE
	EndGlobalSection
	GlobalSection(ExtensibilityGlobals) = postSolution
		SolutionGuid = {803457CE-4734-4F51-B251-11492B7DFFA1}
	EndGlobalSection
EndGlobal
